
Microsoft Visual Studio Solution File, Format Version 12.00
# Visual Studio Version 17
VisualStudioVersion = 17.11.35327.3
MinimumVisualStudioVersion = 10.0.40219.1
Project("{9A19103F-16F7-4668-BE54-9A1E7A4F7556}") = "interface", "interface\interface.csproj", "{750B853D-808C-447B-9E3F-E0C82F788C1E}"
EndProject
Global
	GlobalSection(SolutionConfigurationPlatforms) = preSolution
		Debug|Any CPU = Debug|Any CPU
		Release|Any CPU = Release|Any CPU
	EndGlobalSection
	GlobalSection(ProjectConfigurationPlatforms) = postSolution
		{750B853D-808C-447B-9E3F-E0C82F788C1E}.Debug|Any CPU.ActiveCfg = Debug|Any CPU
		{750B853D-808C-447B-9E3F-E0C82F788C1E}.Debug|Any CPU.Build.0 = Debug|Any CPU
		{750B853D-808C-447B-9E3F-E0C82F788C1E}.Release|Any CPU.ActiveCfg = Release|Any CPU
		{750B853D-808C-447B-9E3F-E0C82F788C1E}.Release|Any CPU.Build.0 = Release|Any CPU
	EndGlobalSection
	GlobalSection(SolutionProperties) = preSolution
		HideSolutionNode = FALSE
	EndGlobalSection
	GlobalSection(ExtensibilityGlobals) = postSolution
		SolutionGuid = {E06CD524-1A10-42DD-8260-F666175FA837}
	EndGlobalSection
EndGlobal
